{
  "name": "blank.story",
  "lockfileVersion": 3,
  "requires": true,
  "packages": {
    "": {
      "dependencies": {
        "fast-watch": "1.0.0",
        "glslx": "0.1.18",
        "skew": "0.7.40"
      }
    },
    "node_modules/fast-watch": {
      "version": "1.0.0",
      "resolved": "https://registry.npmjs.org/fast-watch/-/fast-watch-1.0.0.tgz",
      "integrity": "sha512-WrPvZ/HhuKCULVhnkQvltZ85a0VYYQqDU0u0TV94WRda/pZo4CTinETa7IaEwrAdmCHoZ6XsG04pe0FFtd6NtA==",
      "bin": {
        "watch": "watch"
      }
    },
    "node_modules/glslx": {
      "version": "0.1.18",
      "resolved": "https://registry.npmjs.org/glslx/-/glslx-0.1.18.tgz",
      "integrity": "sha512-QRAAfHsL/KllTqjmKcZUh5SD/3ZJsoxvhTj/hVN+MgSDtISP0ncJtCMxLIp4Auq3x+mZRmfWFDdJ4pJDwKLjWA==",
      "license": "MIT",
      "bin": {
        "glslx": "glslx"
      }
    },
    "node_modules/skew": {
      "version": "0.7.40",
      "resolved": "https://registry.npmjs.org/skew/-/skew-0.7.40.tgz",
      "integrity": "sha512-vx6fZaKoAVMnBteWhDoiO0BIZ/0PQ25BNJrRVbxD4Hqj3uGrXIYAo4IopQ1KaLoluClqx1PTjHCnTCzjpKjQlA==",
      "hasInstallScript": true,
      "license": "MIT",
      "bin": {
        "skewc": "skewc"
      }
    }
  }
}
